
Microsoft Visual Studio Solution File, Format Version 12.00
# Visual Studio Version 16
VisualStudioVersion = 16.0.29503.13
MinimumVisualStudioVersion = 10.0.40219.1
Project("{FAE04EC0-301F-11D3-BF4B-00C04F79EFBC}") = "ScriptGenerator", "ScriptGenerator\ScriptGenerator.csproj", "{91DA8A3A-358D-4480-BA05-06BED23ECF93}"
EndProject
Project("{FAE04EC0-301F-11D3-BF4B-00C04F79EFBC}") = "ScriptGenerator.Services", "Services\ScriptGenerator.Services.csproj", "{EAD4197F-F8C8-4864-960D-25A840E82E33}"
EndProject
Project("{FAE04EC0-301F-11D3-BF4B-00C04F79EFBC}") = "ScriptGenerator.Models", "ScriptGenerator.Models\ScriptGenerator.Models.csproj", "{0E82C788-81E6-42F7-AC31-3115A4B5B7AD}"
EndProject
Global
	GlobalSection(SolutionConfigurationPlatforms) = preSolution
		Debug|Any CPU = Debug|Any CPU
		Release|Any CPU = Release|Any CPU
	EndGlobalSection
	GlobalSection(ProjectConfigurationPlatforms) = postSolution
		{91DA8A3A-358D-4480-BA05-06BED23ECF93}.Debug|Any CPU.ActiveCfg = Debug|Any CPU
		{91DA8A3A-358D-4480-BA05-06BED23ECF93}.Debug|Any CPU.Build.0 = Debug|Any CPU
		{91DA8A3A-358D-4480-BA05-06BED23ECF93}.Release|Any CPU.ActiveCfg = Release|Any CPU
		{91DA8A3A-358D-4480-BA05-06BED23ECF93}.Release|Any CPU.Build.0 = Release|Any CPU
		{EAD4197F-F8C8-4864-960D-25A840E82E33}.Debug|Any CPU.ActiveCfg = Debug|Any CPU
		{EAD4197F-F8C8-4864-960D-25A840E82E33}.Debug|Any CPU.Build.0 = Debug|Any CPU
		{EAD4197F-F8C8-4864-960D-25A840E82E33}.Release|Any CPU.ActiveCfg = Release|Any CPU
		{EAD4197F-F8C8-4864-960D-25A840E82E33}.Release|Any CPU.Build.0 = Release|Any CPU
		{0E82C788-81E6-42F7-AC31-3115A4B5B7AD}.Debug|Any CPU.ActiveCfg = Debug|Any CPU
		{0E82C788-81E6-42F7-AC31-3115A4B5B7AD}.Debug|Any CPU.Build.0 = Debug|Any CPU
		{0E82C788-81E6-42F7-AC31-3115A4B5B7AD}.Release|Any CPU.ActiveCfg = Release|Any CPU
		{0E82C788-81E6-42F7-AC31-3115A4B5B7AD}.Release|Any CPU.Build.0 = Release|Any CPU
	EndGlobalSection
	GlobalSection(SolutionProperties) = preSolution
		HideSolutionNode = FALSE
	EndGlobalSection
	GlobalSection(ExtensibilityGlobals) = postSolution
		SolutionGuid = {4E43F127-8D4E-408B-96BE-4FC304BED378}
	EndGlobalSection
EndGlobal
